// !$*UTF8*$!
{
	archiveVersion = 1;
	classes = {
	};
	objectVersion = 56;
	objects = {

/* Begin PBXBuildFile section */
		7F1AFB6A2BBF00F1000DA23A /* Alamofire in Frameworks */ = {isa = PBXBuildFile; productRef = 7F1AFB692BBF00F1000DA23A /* Alamofire */; };
		7F1AFB6C2BBF00F1000DA23A /* AlamofireDynamic in Frameworks */ = {isa = PBXBuildFile; productRef = 7F1AFB6B2BBF00F1000DA23A /* AlamofireDynamic */; };
		7F1AFB6F2BBF015F000DA23A /* RxBlocking in Frameworks */ = {isa = PBXBuildFile; productRef = 7F1AFB6E2BBF015F000DA23A /* RxBlocking */; };
		7F1AFB712BBF015F000DA23A /* RxBlocking-Dynamic in Frameworks */ = {isa = PBXBuildFile; productRef = 7F1AFB702BBF015F000DA23A /* RxBlocking-Dynamic */; };
		7F1AFB732BBF015F000DA23A /* RxCocoa in Frameworks */ = {isa = PBXBuildFile; productRef = 7F1AFB722BBF015F000DA23A /* RxCocoa */; };
		7F1AFB752BBF015F000DA23A /* RxCocoa-Dynamic in Frameworks */ = {isa = PBXBuildFile; productRef = 7F1AFB742BBF015F000DA23A /* RxCocoa-Dynamic */; };
		7F1AFB772BBF015F000DA23A /* RxRelay in Frameworks */ = {isa = PBXBuildFile; productRef = 7F1AFB762BBF015F000DA23A /* RxRelay */; };
		7F1AFB7A2BBF0782000DA23A /* Constants.swift in Sources */ = {isa = PBXBuildFile; fileRef = 7F1AFB792BBF0782000DA23A /* Constants.swift */; };
		7F1AFB852BBF083E000DA23A /* HomePresenter.swift in Sources */ = {isa = PBXBuildFile; fileRef = 7F1AFB7F2BBF083E000DA23A /* HomePresenter.swift */; };
		7F1AFB872BBF083E000DA23A /* HomeRouter.swift in Sources */ = {isa = PBXBuildFile; fileRef = 7F1AFB812BBF083E000DA23A /* HomeRouter.swift */; };
		7F1AFB882BBF083E000DA23A /* HomeModels.swift in Sources */ = {isa = PBXBuildFile; fileRef = 7F1AFB822BBF083E000DA23A /* HomeModels.swift */; };
		7F1AFB892BBF083E000DA23A /* HomeViewController.swift in Sources */ = {isa = PBXBuildFile; fileRef = 7F1AFB832BBF083E000DA23A /* HomeViewController.swift */; };
		7F1AFB8A2BBF083E000DA23A /* HomeInteractor.swift in Sources */ = {isa = PBXBuildFile; fileRef = 7F1AFB842BBF083E000DA23A /* HomeInteractor.swift */; };
		7F1AFB8E2BBF0AB7000DA23A /* Router.swift in Sources */ = {isa = PBXBuildFile; fileRef = 7F1AFB8D2BBF0AB7000DA23A /* Router.swift */; };
		7F1AFB902BBF0AC0000DA23A /* APIClient.swift in Sources */ = {isa = PBXBuildFile; fileRef = 7F1AFB8F2BBF0AC0000DA23A /* APIClient.swift */; };
		7F9C52C22BBEFD55002EC53D /* AppDelegate.swift in Sources */ = {isa = PBXBuildFile; fileRef = 7F9C52C12BBEFD55002EC53D /* AppDelegate.swift */; };
		7F9C52C42BBEFD55002EC53D /* SceneDelegate.swift in Sources */ = {isa = PBXBuildFile; fileRef = 7F9C52C32BBEFD55002EC53D /* SceneDelegate.swift */; };
		7F9C52C92BBEFD55002EC53D /* Main.storyboard in Resources */ = {isa = PBXBuildFile; fileRef = 7F9C52C72BBEFD55002EC53D /* Main.storyboard */; };
		7F9C52CC2BBEFD55002EC53D /* iMarvel.xcdatamodeld in Sources */ = {isa = PBXBuildFile; fileRef = 7F9C52CA2BBEFD55002EC53D /* iMarvel.xcdatamodeld */; };
		7F9C52CE2BBEFD57002EC53D /* Assets.xcassets in Resources */ = {isa = PBXBuildFile; fileRef = 7F9C52CD2BBEFD57002EC53D /* Assets.xcassets */; };
		7F9C52D12BBEFD57002EC53D /* LaunchScreen.storyboard in Resources */ = {isa = PBXBuildFile; fileRef = 7F9C52CF2BBEFD57002EC53D /* LaunchScreen.storyboard */; };
/* End PBXBuildFile section */

/* Begin PBXFileReference section */
		7F1AFB792BBF0782000DA23A /* Constants.swift */ = {isa = PBXFileReference; lastKnownFileType = sourcecode.swift; path = Constants.swift; sourceTree = "<group>"; };
		7F1AFB7F2BBF083E000DA23A /* HomePresenter.swift */ = {isa = PBXFileReference; lastKnownFileType = sourcecode.swift; path = HomePresenter.swift; sourceTree = "<group>"; };
		7F1AFB812BBF083E000DA23A /* HomeRouter.swift */ = {isa = PBXFileReference; lastKnownFileType = sourcecode.swift; path = HomeRouter.swift; sourceTree = "<group>"; };
		7F1AFB822BBF083E000DA23A /* HomeModels.swift */ = {isa = PBXFileReference; lastKnownFileType = sourcecode.swift; path = HomeModels.swift; sourceTree = "<group>"; };
		7F1AFB832BBF083E000DA23A /* HomeViewController.swift */ = {isa = PBXFileReference; lastKnownFileType = sourcecode.swift; path = HomeViewController.swift; sourceTree = "<group>"; };
		7F1AFB842BBF083E000DA23A /* HomeInteractor.swift */ = {isa = PBXFileReference; lastKnownFileType = sourcecode.swift; path = HomeInteractor.swift; sourceTree = "<group>"; };
		7F1AFB8D2BBF0AB7000DA23A /* Router.swift */ = {isa = PBXFileReference; lastKnownFileType = sourcecode.swift; path = Router.swift; sourceTree = "<group>"; };
		7F1AFB8F2BBF0AC0000DA23A /* APIClient.swift */ = {isa = PBXFileReference; lastKnownFileType = sourcecode.swift; path = APIClient.swift; sourceTree = "<group>"; };
		7F9C52BE2BBEFD55002EC53D /* iMarvel.app */ = {isa = PBXFileReference; explicitFileType = wrapper.application; includeInIndex = 0; path = iMarvel.app; sourceTree = BUILT_PRODUCTS_DIR; };
		7F9C52C12BBEFD55002EC53D /* AppDelegate.swift */ = {isa = PBXFileReference; lastKnownFileType = sourcecode.swift; path = AppDelegate.swift; sourceTree = "<group>"; };
		7F9C52C32BBEFD55002EC53D /* SceneDelegate.swift */ = {isa = PBXFileReference; lastKnownFileType = sourcecode.swift; path = SceneDelegate.swift; sourceTree = "<group>"; };
		7F9C52C82BBEFD55002EC53D /* Base */ = {isa = PBXFileReference; lastKnownFileType = file.storyboard; name = Base; path = Base.lproj/Main.storyboard; sourceTree = "<group>"; };
		7F9C52CB2BBEFD55002EC53D /* iMarvel.xcdatamodel */ = {isa = PBXFileReference; lastKnownFileType = wrapper.xcdatamodel; path = iMarvel.xcdatamodel; sourceTree = "<group>"; };
		7F9C52CD2BBEFD57002EC53D /* Assets.xcassets */ = {isa = PBXFileReference; lastKnownFileType = folder.assetcatalog; path = Assets.xcassets; sourceTree = "<group>"; };
		7F9C52D02BBEFD57002EC53D /* Base */ = {isa = PBXFileReference; lastKnownFileType = file.storyboard; name = Base; path = Base.lproj/LaunchScreen.storyboard; sourceTree = "<group>"; };
		7F9C52D22BBEFD57002EC53D /* Info.plist */ = {isa = PBXFileReference; lastKnownFileType = text.plist.xml; path = Info.plist; sourceTree = "<group>"; };
/* End PBXFileReference section */

/* Begin PBXFrameworksBuildPhase section */
		7F9C52BB2BBEFD55002EC53D /* Frameworks */ = {
			isa = PBXFrameworksBuildPhase;
			buildActionMask = 2147483647;
			files = (
				7F1AFB6A2BBF00F1000DA23A /* Alamofire in Frameworks */,
				7F1AFB6F2BBF015F000DA23A /* RxBlocking in Frameworks */,
				7F1AFB772BBF015F000DA23A /* RxRelay in Frameworks */,
				7F1AFB732BBF015F000DA23A /* RxCocoa in Frameworks */,
				7F1AFB6C2BBF00F1000DA23A /* AlamofireDynamic in Frameworks */,
				7F1AFB752BBF015F000DA23A /* RxCocoa-Dynamic in Frameworks */,
				7F1AFB712BBF015F000DA23A /* RxBlocking-Dynamic in Frameworks */,
			);
			runOnlyForDeploymentPostprocessing = 0;
		};
/* End PBXFrameworksBuildPhase section */

/* Begin PBXGroup section */
		7F1AFB782BBF075D000DA23A /* Utils */ = {
			isa = PBXGroup;
			children = (
				7F1AFB792BBF0782000DA23A /* Constants.swift */,
				7F1AFB7B2BBF0787000DA23A /* Managers */,
			);
			path = Utils;
			sourceTree = "<group>";
		};
		7F1AFB7B2BBF0787000DA23A /* Managers */ = {
			isa = PBXGroup;
			children = (
				7F1AFB8C2BBF0AAA000DA23A /* Network */,
			);
			path = Managers;
			sourceTree = "<group>";
		};
		7F1AFB7C2BBF07B5000DA23A /* Scenes */ = {
			isa = PBXGroup;
			children = (
				7F1AFB7E2BBF0814000DA23A /* Home */,
			);
			path = Scenes;
			sourceTree = "<group>";
		};
		7F1AFB7D2BBF07D5000DA23A /* API Models */ = {
			isa = PBXGroup;
			children = (
			);
			path = "API Models";
			sourceTree = "<group>";
		};
		7F1AFB7E2BBF0814000DA23A /* Home */ = {
			isa = PBXGroup;
			children = (
				7F1AFB7F2BBF083E000DA23A /* HomePresenter.swift */,
				7F1AFB812BBF083E000DA23A /* HomeRouter.swift */,
				7F1AFB822BBF083E000DA23A /* HomeModels.swift */,
				7F1AFB832BBF083E000DA23A /* HomeViewController.swift */,
				7F1AFB842BBF083E000DA23A /* HomeInteractor.swift */,
			);
			path = Home;
			sourceTree = "<group>";
		};
		7F1AFB8B2BBF08C0000DA23A /* Storyboards */ = {
			isa = PBXGroup;
			children = (
				7F9C52C72BBEFD55002EC53D /* Main.storyboard */,
				7F9C52CF2BBEFD57002EC53D /* LaunchScreen.storyboard */,
			);
			path = Storyboards;
			sourceTree = "<group>";
		};
		7F1AFB8C2BBF0AAA000DA23A /* Network */ = {
			isa = PBXGroup;
			children = (
				7F1AFB8D2BBF0AB7000DA23A /* Router.swift */,
				7F1AFB8F2BBF0AC0000DA23A /* APIClient.swift */,
			);
			path = Network;
			sourceTree = "<group>";
		};
		7F9C52B52BBEFD55002EC53D = {
			isa = PBXGroup;
			children = (
				7F9C52C02BBEFD55002EC53D /* iMarvel */,
				7F9C52BF2BBEFD55002EC53D /* Products */,
			);
			sourceTree = "<group>";
		};
		7F9C52BF2BBEFD55002EC53D /* Products */ = {
			isa = PBXGroup;
			children = (
				7F9C52BE2BBEFD55002EC53D /* iMarvel.app */,
			);
			name = Products;
			sourceTree = "<group>";
		};
		7F9C52C02BBEFD55002EC53D /* iMarvel */ = {
			isa = PBXGroup;
			children = (
				7F9C52C12BBEFD55002EC53D /* AppDelegate.swift */,
				7F9C52C32BBEFD55002EC53D /* SceneDelegate.swift */,
				7F1AFB7D2BBF07D5000DA23A /* API Models */,
				7F1AFB7C2BBF07B5000DA23A /* Scenes */,
				7F1AFB8B2BBF08C0000DA23A /* Storyboards */,
				7F1AFB782BBF075D000DA23A /* Utils */,
				7F9C52CD2BBEFD57002EC53D /* Assets.xcassets */,
				7F9C52D22BBEFD57002EC53D /* Info.plist */,
				7F9C52CA2BBEFD55002EC53D /* iMarvel.xcdatamodeld */,
			);
			path = iMarvel;
			sourceTree = "<group>";
		};
/* End PBXGroup section */

/* Begin PBXNativeTarget section */
		7F9C52BD2BBEFD55002EC53D /* iMarvel */ = {
			isa = PBXNativeTarget;
			buildConfigurationList = 7F9C52D52BBEFD57002EC53D /* Build configuration list for PBXNativeTarget "iMarvel" */;
			buildPhases = (
				7F9C52BA2BBEFD55002EC53D /* Sources */,
				7F9C52BB2BBEFD55002EC53D /* Frameworks */,
				7F9C52BC2BBEFD55002EC53D /* Resources */,
			);
			buildRules = (
			);
			dependencies = (
			);
			name = iMarvel;
			packageProductDependencies = (
				7F1AFB692BBF00F1000DA23A /* Alamofire */,
				7F1AFB6B2BBF00F1000DA23A /* AlamofireDynamic */,
				7F1AFB6E2BBF015F000DA23A /* RxBlocking */,
				7F1AFB702BBF015F000DA23A /* RxBlocking-Dynamic */,
				7F1AFB722BBF015F000DA23A /* RxCocoa */,
				7F1AFB742BBF015F000DA23A /* RxCocoa-Dynamic */,
				7F1AFB762BBF015F000DA23A /* RxRelay */,
			);
			productName = iMarvel;
			productReference = 7F9C52BE2BBEFD55002EC53D /* iMarvel.app */;
			productType = "com.apple.product-type.application";
		};
/* End PBXNativeTarget section */

/* Begin PBXProject section */
		7F9C52B62BBEFD55002EC53D /* Project object */ = {
			isa = PBXProject;
			attributes = {
				BuildIndependentTargetsInParallel = 1;
				LastSwiftUpdateCheck = 1520;
				LastUpgradeCheck = 1520;
				TargetAttributes = {
					7F9C52BD2BBEFD55002EC53D = {
						CreatedOnToolsVersion = 15.2;
					};
				};
			};
			buildConfigurationList = 7F9C52B92BBEFD55002EC53D /* Build configuration list for PBXProject "iMarvel" */;
			compatibilityVersion = "Xcode 14.0";
			developmentRegion = en;
			hasScannedForEncodings = 0;
			knownRegions = (
				en,
				Base,
			);
			mainGroup = 7F9C52B52BBEFD55002EC53D;
			packageReferences = (
				7F1AFB682BBF00F1000DA23A /* XCRemoteSwiftPackageReference "Alamofire" */,
				7F1AFB6D2BBF015F000DA23A /* XCRemoteSwiftPackageReference "RxSwift" */,
			);
			productRefGroup = 7F9C52BF2BBEFD55002EC53D /* Products */;
			projectDirPath = "";
			projectRoot = "";
			targets = (
				7F9C52BD2BBEFD55002EC53D /* iMarvel */,
			);
		};
/* End PBXProject section */

/* Begin PBXResourcesBuildPhase section */
		7F9C52BC2BBEFD55002EC53D /* Resources */ = {
			isa = PBXResourcesBuildPhase;
			buildActionMask = 2147483647;
			files = (
				7F9C52D12BBEFD57002EC53D /* LaunchScreen.storyboard in Resources */,
				7F9C52CE2BBEFD57002EC53D /* Assets.xcassets in Resources */,
				7F9C52C92BBEFD55002EC53D /* Main.storyboard in Resources */,
			);
			runOnlyForDeploymentPostprocessing = 0;
		};
/* End PBXResourcesBuildPhase section */

/* Begin PBXSourcesBuildPhase section */
		7F9C52BA2BBEFD55002EC53D /* Sources */ = {
			isa = PBXSourcesBuildPhase;
			buildActionMask = 2147483647;
			files = (
				7F1AFB882BBF083E000DA23A /* HomeModels.swift in Sources */,
				7F9C52CC2BBEFD55002EC53D /* iMarvel.xcdatamodeld in Sources */,
				7F1AFB8E2BBF0AB7000DA23A /* Router.swift in Sources */,
				7F1AFB7A2BBF0782000DA23A /* Constants.swift in Sources */,
				7F1AFB8A2BBF083E000DA23A /* HomeInteractor.swift in Sources */,
				7F1AFB902BBF0AC0000DA23A /* APIClient.swift in Sources */,
				7F1AFB872BBF083E000DA23A /* HomeRouter.swift in Sources */,
				7F9C52C22BBEFD55002EC53D /* AppDelegate.swift in Sources */,
				7F1AFB892BBF083E000DA23A /* HomeViewController.swift in Sources */,
				7F1AFB852BBF083E000DA23A /* HomePresenter.swift in Sources */,
				7F9C52C42BBEFD55002EC53D /* SceneDelegate.swift in Sources */,
			);
			runOnlyForDeploymentPostprocessing = 0;
		};
/* End PBXSourcesBuildPhase section */

/* Begin PBXVariantGroup section */
		7F9C52C72BBEFD55002EC53D /* Main.storyboard */ = {
			isa = PBXVariantGroup;
			children = (
				7F9C52C82BBEFD55002EC53D /* Base */,
			);
			name = Main.storyboard;
			sourceTree = "<group>";
		};
		7F9C52CF2BBEFD57002EC53D /* LaunchScreen.storyboard */ = {
			isa = PBXVariantGroup;
			children = (
				7F9C52D02BBEFD57002EC53D /* Base */,
			);
			name = LaunchScreen.storyboard;
			sourceTree = "<group>";
		};
/* End PBXVariantGroup section */

/* Begin XCBuildConfiguration section */
		7F9C52D32BBEFD57002EC53D /* Debug */ = {
			isa = XCBuildConfiguration;
			buildSettings = {
				ALWAYS_SEARCH_USER_PATHS = NO;
				ASSETCATALOG_COMPILER_GENERATE_SWIFT_ASSET_SYMBOL_EXTENSIONS = YES;
				CLANG_ANALYZER_NONNULL = YES;
				CLANG_ANALYZER_NUMBER_OBJECT_CONVERSION = YES_AGGRESSIVE;
				CLANG_CXX_LANGUAGE_STANDARD = "gnu++20";
				CLANG_ENABLE_MODULES = YES;
				CLANG_ENABLE_OBJC_ARC = YES;
				CLANG_ENABLE_OBJC_WEAK = YES;
				CLANG_WARN_BLOCK_CAPTURE_AUTORELEASING = YES;
				CLANG_WARN_BOOL_CONVERSION = YES;
				CLANG_WARN_COMMA = YES;
				CLANG_WARN_CONSTANT_CONVERSION = YES;
				CLANG_WARN_DEPRECATED_OBJC_IMPLEMENTATIONS = YES;
				CLANG_WARN_DIRECT_OBJC_ISA_USAGE = YES_ERROR;
				CLANG_WARN_DOCUMENTATION_COMMENTS = YES;
				CLANG_WARN_EMPTY_BODY = YES;
				CLANG_WARN_ENUM_CONVERSION = YES;
				CLANG_WARN_INFINITE_RECURSION = YES;
				CLANG_WARN_INT_CONVERSION = YES;
				CLANG_WARN_NON_LITERAL_NULL_CONVERSION = YES;
				CLANG_WARN_OBJC_IMPLICIT_RETAIN_SELF = YES;
				CLANG_WARN_OBJC_LITERAL_CONVERSION = YES;
				CLANG_WARN_OBJC_ROOT_CLASS = YES_ERROR;
				CLANG_WARN_QUOTED_INCLUDE_IN_FRAMEWORK_HEADER = YES;
				CLANG_WARN_RANGE_LOOP_ANALYSIS = YES;
				CLANG_WARN_STRICT_PROTOTYPES = YES;
				CLANG_WARN_SUSPICIOUS_MOVE = YES;
				CLANG_WARN_UNGUARDED_AVAILABILITY = YES_AGGRESSIVE;
				CLANG_WARN_UNREACHABLE_CODE = YES;
				CLANG_WARN__DUPLICATE_METHOD_MATCH = YES;
				COPY_PHASE_STRIP = NO;
				DEBUG_INFORMATION_FORMAT = dwarf;
				ENABLE_STRICT_OBJC_MSGSEND = YES;
				ENABLE_TESTABILITY = YES;
				ENABLE_USER_SCRIPT_SANDBOXING = YES;
				GCC_C_LANGUAGE_STANDARD = gnu17;
				GCC_DYNAMIC_NO_PIC = NO;
				GCC_NO_COMMON_BLOCKS = YES;
				GCC_OPTIMIZATION_LEVEL = 0;
				GCC_PREPROCESSOR_DEFINITIONS = (
					"DEBUG=1",
					"$(inherited)",
				);
				GCC_WARN_64_TO_32_BIT_CONVERSION = YES;
				GCC_WARN_ABOUT_RETURN_TYPE = YES_ERROR;
				GCC_WARN_UNDECLARED_SELECTOR = YES;
				GCC_WARN_UNINITIALIZED_AUTOS = YES_AGGRESSIVE;
				GCC_WARN_UNUSED_FUNCTION = YES;
				GCC_WARN_UNUSED_VARIABLE = YES;
				IPHONEOS_DEPLOYMENT_TARGET = 17.2;
				LOCALIZATION_PREFERS_STRING_CATALOGS = YES;
				MTL_ENABLE_DEBUG_INFO = INCLUDE_SOURCE;
				MTL_FAST_MATH = YES;
				ONLY_ACTIVE_ARCH = YES;
				SDKROOT = iphoneos;
				SWIFT_ACTIVE_COMPILATION_CONDITIONS = "DEBUG $(inherited)";
				SWIFT_OPTIMIZATION_LEVEL = "-Onone";
			};
			name = Debug;
		};
		7F9C52D42BBEFD57002EC53D /* Release */ = {
			isa = XCBuildConfiguration;
			buildSettings = {
				ALWAYS_SEARCH_USER_PATHS = NO;
				ASSETCATALOG_COMPILER_GENERATE_SWIFT_ASSET_SYMBOL_EXTENSIONS = YES;
				CLANG_ANALYZER_NONNULL = YES;
				CLANG_ANALYZER_NUMBER_OBJECT_CONVERSION = YES_AGGRESSIVE;
				CLANG_CXX_LANGUAGE_STANDARD = "gnu++20";
				CLANG_ENABLE_MODULES = YES;
				CLANG_ENABLE_OBJC_ARC = YES;
				CLANG_ENABLE_OBJC_WEAK = YES;
				CLANG_WARN_BLOCK_CAPTURE_AUTORELEASING = YES;
				CLANG_WARN_BOOL_CONVERSION = YES;
				CLANG_WARN_COMMA = YES;
				CLANG_WARN_CONSTANT_CONVERSION = YES;
				CLANG_WARN_DEPRECATED_OBJC_IMPLEMENTATIONS = YES;
				CLANG_WARN_DIRECT_OBJC_ISA_USAGE = YES_ERROR;
				CLANG_WARN_DOCUMENTATION_COMMENTS = YES;
				CLANG_WARN_EMPTY_BODY = YES;
				CLANG_WARN_ENUM_CONVERSION = YES;
				CLANG_WARN_INFINITE_RECURSION = YES;
				CLANG_WARN_INT_CONVERSION = YES;
				CLANG_WARN_NON_LITERAL_NULL_CONVERSION = YES;
				CLANG_WARN_OBJC_IMPLICIT_RETAIN_SELF = YES;
				CLANG_WARN_OBJC_LITERAL_CONVERSION = YES;
				CLANG_WARN_OBJC_ROOT_CLASS = YES_ERROR;
				CLANG_WARN_QUOTED_INCLUDE_IN_FRAMEWORK_HEADER = YES;
				CLANG_WARN_RANGE_LOOP_ANALYSIS = YES;
				CLANG_WARN_STRICT_PROTOTYPES = YES;
				CLANG_WARN_SUSPICIOUS_MOVE = YES;
				CLANG_WARN_UNGUARDED_AVAILABILITY = YES_AGGRESSIVE;
				CLANG_WARN_UNREACHABLE_CODE = YES;
				CLANG_WARN__DUPLICATE_METHOD_MATCH = YES;
				COPY_PHASE_STRIP = NO;
				DEBUG_INFORMATION_FORMAT = "dwarf-with-dsym";
				ENABLE_NS_ASSERTIONS = NO;
				ENABLE_STRICT_OBJC_MSGSEND = YES;
				ENABLE_USER_SCRIPT_SANDBOXING = YES;
				GCC_C_LANGUAGE_STANDARD = gnu17;
				GCC_NO_COMMON_BLOCKS = YES;
				GCC_WARN_64_TO_32_BIT_CONVERSION = YES;
				GCC_WARN_ABOUT_RETURN_TYPE = YES_ERROR;
				GCC_WARN_UNDECLARED_SELECTOR = YES;
				GCC_WARN_UNINITIALIZED_AUTOS = YES_AGGRESSIVE;
				GCC_WARN_UNUSED_FUNCTION = YES;
				GCC_WARN_UNUSED_VARIABLE = YES;
				IPHONEOS_DEPLOYMENT_TARGET = 17.2;
				LOCALIZATION_PREFERS_STRING_CATALOGS = YES;
				MTL_ENABLE_DEBUG_INFO = NO;
				MTL_FAST_MATH = YES;
				SDKROOT = iphoneos;
				SWIFT_COMPILATION_MODE = wholemodule;
				VALIDATE_PRODUCT = YES;
			};
			name = Release;
		};
		7F9C52D62BBEFD57002EC53D /* Debug */ = {
			isa = XCBuildConfiguration;
			buildSettings = {
				ASSETCATALOG_COMPILER_APPICON_NAME = AppIcon;
				ASSETCATALOG_COMPILER_GLOBAL_ACCENT_COLOR_NAME = AccentColor;
				CODE_SIGN_STYLE = Automatic;
				CURRENT_PROJECT_VERSION = 1;
				DEVELOPMENT_TEAM = P63VAPNRN9;
				GENERATE_INFOPLIST_FILE = YES;
				INFOPLIST_FILE = iMarvel/Info.plist;
				INFOPLIST_KEY_CFBundleDisplayName = iMarvel;
				INFOPLIST_KEY_UIApplicationSupportsIndirectInputEvents = YES;
				INFOPLIST_KEY_UILaunchStoryboardName = LaunchScreen;
				INFOPLIST_KEY_UIMainStoryboardFile = Main;
				INFOPLIST_KEY_UISupportedInterfaceOrientations = UIInterfaceOrientationPortrait;
				INFOPLIST_KEY_UISupportedInterfaceOrientations_iPad = "UIInterfaceOrientationLandscapeLeft UIInterfaceOrientationLandscapeRight UIInterfaceOrientationPortrait UIInterfaceOrientationPortraitUpsideDown";
				IPHONEOS_DEPLOYMENT_TARGET = 16.0;
				LD_RUNPATH_SEARCH_PATHS = (
					"$(inherited)",
					"@executable_path/Frameworks",
				);
				MARKETING_VERSION = 1.0;
				PRODUCT_BUNDLE_IDENTIFIER = com.KarimSakr.iMarvel;
				PRODUCT_NAME = "$(TARGET_NAME)";
				SUPPORTED_PLATFORMS = "iphoneos iphonesimulator";
				SUPPORTS_MACCATALYST = NO;
				SUPPORTS_MAC_DESIGNED_FOR_IPHONE_IPAD = NO;
				SUPPORTS_XR_DESIGNED_FOR_IPHONE_IPAD = NO;
				SWIFT_EMIT_LOC_STRINGS = YES;
				SWIFT_VERSION = 5.0;
				TARGETED_DEVICE_FAMILY = 1;
			};
			name = Debug;
		};
		7F9C52D72BBEFD57002EC53D /* Release */ = {
			isa = XCBuildConfiguration;
			buildSettings = {
				ASSETCATALOG_COMPILER_APPICON_NAME = AppIcon;
				ASSETCATALOG_COMPILER_GLOBAL_ACCENT_COLOR_NAME = AccentColor;
				CODE_SIGN_STYLE = Automatic;
				CURRENT_PROJECT_VERSION = 1;
				DEVELOPMENT_TEAM = P63VAPNRN9;
				GENERATE_INFOPLIST_FILE = YES;
				INFOPLIST_FILE = iMarvel/Info.plist;
				INFOPLIST_KEY_CFBundleDisplayName = iMarvel;
				INFOPLIST_KEY_UIApplicationSupportsIndirectInputEvents = YES;
				INFOPLIST_KEY_UILaunchStoryboardName = LaunchScreen;
				INFOPLIST_KEY_UIMainStoryboardFile = Main;
				INFOPLIST_KEY_UISupportedInterfaceOrientations = UIInterfaceOrientationPortrait;
				INFOPLIST_KEY_UISupportedInterfaceOrientations_iPad = "UIInterfaceOrientationLandscapeLeft UIInterfaceOrientationLandscapeRight UIInterfaceOrientationPortrait UIInterfaceOrientationPortraitUpsideDown";
				IPHONEOS_DEPLOYMENT_TARGET = 16.0;
				LD_RUNPATH_SEARCH_PATHS = (
					"$(inherited)",
					"@executable_path/Frameworks",
				);
				MARKETING_VERSION = 1.0;
				PRODUCT_BUNDLE_IDENTIFIER = com.KarimSakr.iMarvel;
				PRODUCT_NAME = "$(TARGET_NAME)";
				SUPPORTED_PLATFORMS = "iphoneos iphonesimulator";
				SUPPORTS_MACCATALYST = NO;
				SUPPORTS_MAC_DESIGNED_FOR_IPHONE_IPAD = NO;
				SUPPORTS_XR_DESIGNED_FOR_IPHONE_IPAD = NO;
				SWIFT_EMIT_LOC_STRINGS = YES;
				SWIFT_VERSION = 5.0;
				TARGETED_DEVICE_FAMILY = 1;
			};
			name = Release;
		};
/* End XCBuildConfiguration section */

/* Begin XCConfigurationList section */
		7F9C52B92BBEFD55002EC53D /* Build configuration list for PBXProject "iMarvel" */ = {
			isa = XCConfigurationList;
			buildConfigurations = (
				7F9C52D32BBEFD57002EC53D /* Debug */,
				7F9C52D42BBEFD57002EC53D /* Release */,
			);
			defaultConfigurationIsVisible = 0;
			defaultConfigurationName = Release;
		};
		7F9C52D52BBEFD57002EC53D /* Build configuration list for PBXNativeTarget "iMarvel" */ = {
			isa = XCConfigurationList;
			buildConfigurations = (
				7F9C52D62BBEFD57002EC53D /* Debug */,
				7F9C52D72BBEFD57002EC53D /* Release */,
			);
			defaultConfigurationIsVisible = 0;
			defaultConfigurationName = Release;
		};
/* End XCConfigurationList section */

/* Begin XCRemoteSwiftPackageReference section */
		7F1AFB682BBF00F1000DA23A /* XCRemoteSwiftPackageReference "Alamofire" */ = {
			isa = XCRemoteSwiftPackageReference;
			repositoryURL = "https://github.com/Alamofire/Alamofire.git";
			requirement = {
				kind = upToNextMajorVersion;
				minimumVersion = 5.9.1;
			};
		};
		7F1AFB6D2BBF015F000DA23A /* XCRemoteSwiftPackageReference "RxSwift" */ = {
			isa = XCRemoteSwiftPackageReference;
			repositoryURL = "https://github.com/ReactiveX/RxSwift.git";
			requirement = {
				kind = upToNextMajorVersion;
				minimumVersion = 6.6.0;
			};
		};
/* End XCRemoteSwiftPackageReference section */

/* Begin XCSwiftPackageProductDependency section */
		7F1AFB692BBF00F1000DA23A /* Alamofire */ = {
			isa = XCSwiftPackageProductDependency;
			package = 7F1AFB682BBF00F1000DA23A /* XCRemoteSwiftPackageReference "Alamofire" */;
			productName = Alamofire;
		};
		7F1AFB6B2BBF00F1000DA23A /* AlamofireDynamic */ = {
			isa = XCSwiftPackageProductDependency;
			package = 7F1AFB682BBF00F1000DA23A /* XCRemoteSwiftPackageReference "Alamofire" */;
			productName = AlamofireDynamic;
		};
		7F1AFB6E2BBF015F000DA23A /* RxBlocking */ = {
			isa = XCSwiftPackageProductDependency;
			package = 7F1AFB6D2BBF015F000DA23A /* XCRemoteSwiftPackageReference "RxSwift" */;
			productName = RxBlocking;
		};
		7F1AFB702BBF015F000DA23A /* RxBlocking-Dynamic */ = {
			isa = XCSwiftPackageProductDependency;
			package = 7F1AFB6D2BBF015F000DA23A /* XCRemoteSwiftPackageReference "RxSwift" */;
			productName = "RxBlocking-Dynamic";
		};
		7F1AFB722BBF015F000DA23A /* RxCocoa */ = {
			isa = XCSwiftPackageProductDependency;
			package = 7F1AFB6D2BBF015F000DA23A /* XCRemoteSwiftPackageReference "RxSwift" */;
			productName = RxCocoa;
		};
		7F1AFB742BBF015F000DA23A /* RxCocoa-Dynamic */ = {
			isa = XCSwiftPackageProductDependency;
			package = 7F1AFB6D2BBF015F000DA23A /* XCRemoteSwiftPackageReference "RxSwift" */;
			productName = "RxCocoa-Dynamic";
		};
		7F1AFB762BBF015F000DA23A /* RxRelay */ = {
			isa = XCSwiftPackageProductDependency;
			package = 7F1AFB6D2BBF015F000DA23A /* XCRemoteSwiftPackageReference "RxSwift" */;
			productName = RxRelay;
		};
/* End XCSwiftPackageProductDependency section */

/* Begin XCVersionGroup section */
		7F9C52CA2BBEFD55002EC53D /* iMarvel.xcdatamodeld */ = {
			isa = XCVersionGroup;
			children = (
				7F9C52CB2BBEFD55002EC53D /* iMarvel.xcdatamodel */,
			);
			currentVersion = 7F9C52CB2BBEFD55002EC53D /* iMarvel.xcdatamodel */;
			path = iMarvel.xcdatamodeld;
			sourceTree = "<group>";
			versionGroupType = wrapper.xcdatamodel;
		};
/* End XCVersionGroup section */
	};
	rootObject = 7F9C52B62BBEFD55002EC53D /* Project object */;
}
