// !$*UTF8*$!
{
	archiveVersion = 1;
	classes = {
	};
	objectVersion = 56;
	objects = {

/* Begin PBXBuildFile section */
		7F1AFB6A2BBF00F1000DA23A /* Alamofire in Frameworks */ = {isa = PBXBuildFile; productRef = 7F1AFB692BBF00F1000DA23A /* Alamofire */; };
		7F1AFB6C2BBF00F1000DA23A /* AlamofireDynamic in Frameworks */ = {isa = PBXBuildFile; productRef = 7F1AFB6B2BBF00F1000DA23A /* AlamofireDynamic */; };
		7F1AFB6F2BBF015F000DA23A /* RxBlocking in Frameworks */ = {isa = PBXBuildFile; productRef = 7F1AFB6E2BBF015F000DA23A /* RxBlocking */; };
		7F1AFB712BBF015F000DA23A /* RxBlocking-Dynamic in Frameworks */ = {isa = PBXBuildFile; productRef = 7F1AFB702BBF015F000DA23A /* RxBlocking-Dynamic */; };
		7F1AFB732BBF015F000DA23A /* RxCocoa in Frameworks */ = {isa = PBXBuildFile; productRef = 7F1AFB722BBF015F000DA23A /* RxCocoa */; };
		7F1AFB752BBF015F000DA23A /* RxCocoa-Dynamic in Frameworks */ = {isa = PBXBuildFile; productRef = 7F1AFB742BBF015F000DA23A /* RxCocoa-Dynamic */; };
		7F1AFB772BBF015F000DA23A /* RxRelay in Frameworks */ = {isa = PBXBuildFile; productRef = 7F1AFB762BBF015F000DA23A /* RxRelay */; };
		7F1AFB7A2BBF0782000DA23A /* Constants.swift in Sources */ = {isa = PBXBuildFile; fileRef = 7F1AFB792BBF0782000DA23A /* Constants.swift */; };
		7F1AFB852BBF083E000DA23A /* HomePresenter.swift in Sources */ = {isa = PBXBuildFile; fileRef = 7F1AFB7F2BBF083E000DA23A /* HomePresenter.swift */; };
		7F1AFB872BBF083E000DA23A /* HomeRouter.swift in Sources */ = {isa = PBXBuildFile; fileRef = 7F1AFB812BBF083E000DA23A /* HomeRouter.swift */; };
		7F1AFB882BBF083E000DA23A /* HomeModels.swift in Sources */ = {isa = PBXBuildFile; fileRef = 7F1AFB822BBF083E000DA23A /* HomeModels.swift */; };
		7F1AFB892BBF083E000DA23A /* HomeViewController.swift in Sources */ = {isa = PBXBuildFile; fileRef = 7F1AFB832BBF083E000DA23A /* HomeViewController.swift */; };
		7F1AFB8A2BBF083E000DA23A /* HomeInteractor.swift in Sources */ = {isa = PBXBuildFile; fileRef = 7F1AFB842BBF083E000DA23A /* HomeInteractor.swift */; };
		7F1AFB8E2BBF0AB7000DA23A /* Router.swift in Sources */ = {isa = PBXBuildFile; fileRef = 7F1AFB8D2BBF0AB7000DA23A /* Router.swift */; };
		7F1AFB902BBF0AC0000DA23A /* APIClient.swift in Sources */ = {isa = PBXBuildFile; fileRef = 7F1AFB8F2BBF0AC0000DA23A /* APIClient.swift */; };
		7F1AFB942BBF2D2C000DA23A /* Response.swift in Sources */ = {isa = PBXBuildFile; fileRef = 7F1AFB932BBF2D2B000DA23A /* Response.swift */; };
		7F1AFB962BBF2F33000DA23A /* Pagination.swift in Sources */ = {isa = PBXBuildFile; fileRef = 7F1AFB952BBF2F33000DA23A /* Pagination.swift */; };
		7F1AFB992BBF3078000DA23A /* Character.swift in Sources */ = {isa = PBXBuildFile; fileRef = 7F1AFB982BBF3078000DA23A /* Character.swift */; };
		7F1AFB9B2BBF3174000DA23A /* Thumbnail.swift in Sources */ = {isa = PBXBuildFile; fileRef = 7F1AFB9A2BBF3174000DA23A /* Thumbnail.swift */; };
		7F1AFB9F2BBF324F000DA23A /* Items.swift in Sources */ = {isa = PBXBuildFile; fileRef = 7F1AFB9E2BBF324F000DA23A /* Items.swift */; };
		7F1AFBA32BBF3398000DA23A /* Archive.swift in Sources */ = {isa = PBXBuildFile; fileRef = 7F1AFBA22BBF3398000DA23A /* Archive.swift */; };
		7F1AFBA52BBF3430000DA23A /* Urls.swift in Sources */ = {isa = PBXBuildFile; fileRef = 7F1AFBA42BBF3430000DA23A /* Urls.swift */; };
		7F1AFBA82BBF3617000DA23A /* String.swift in Sources */ = {isa = PBXBuildFile; fileRef = 7F1AFBA72BBF3617000DA23A /* String.swift */; };
		7F1AFBAC2BBF4216000DA23A /* Config.plist in Resources */ = {isa = PBXBuildFile; fileRef = 7F1AFBAB2BBF4216000DA23A /* Config.plist */; };
		7F1AFBAE2BBF433B000DA23A /* Bundle.swift in Sources */ = {isa = PBXBuildFile; fileRef = 7F1AFBAD2BBF433B000DA23A /* Bundle.swift */; };
		7F1AFBB32BC007CF000DA23A /* CharacterCardCollectionViewCell.swift in Sources */ = {isa = PBXBuildFile; fileRef = 7F1AFBB22BC007CF000DA23A /* CharacterCardCollectionViewCell.swift */; };
		7F1AFBB52BC01734000DA23A /* UIView.swift in Sources */ = {isa = PBXBuildFile; fileRef = 7F1AFBB42BC01734000DA23A /* UIView.swift */; };
		7F1AFBBA2BC027ED000DA23A /* SDWebImage in Frameworks */ = {isa = PBXBuildFile; productRef = 7F1AFBB92BC027ED000DA23A /* SDWebImage */; };
		7F1AFBBC2BC027ED000DA23A /* SDWebImageMapKit in Frameworks */ = {isa = PBXBuildFile; productRef = 7F1AFBBB2BC027ED000DA23A /* SDWebImageMapKit */; };
		7F9C52C22BBEFD55002EC53D /* AppDelegate.swift in Sources */ = {isa = PBXBuildFile; fileRef = 7F9C52C12BBEFD55002EC53D /* AppDelegate.swift */; };
		7F9C52C42BBEFD55002EC53D /* SceneDelegate.swift in Sources */ = {isa = PBXBuildFile; fileRef = 7F9C52C32BBEFD55002EC53D /* SceneDelegate.swift */; };
		7F9C52C92BBEFD55002EC53D /* Main.storyboard in Resources */ = {isa = PBXBuildFile; fileRef = 7F9C52C72BBEFD55002EC53D /* Main.storyboard */; };
		7F9C52CC2BBEFD55002EC53D /* iMarvel.xcdatamodeld in Sources */ = {isa = PBXBuildFile; fileRef = 7F9C52CA2BBEFD55002EC53D /* iMarvel.xcdatamodeld */; };
		7F9C52CE2BBEFD57002EC53D /* Assets.xcassets in Resources */ = {isa = PBXBuildFile; fileRef = 7F9C52CD2BBEFD57002EC53D /* Assets.xcassets */; };
		7F9C52D12BBEFD57002EC53D /* LaunchScreen.storyboard in Resources */ = {isa = PBXBuildFile; fileRef = 7F9C52CF2BBEFD57002EC53D /* LaunchScreen.storyboard */; };
		7FD9920D2BC171F100AC62B9 /* DetailsPresenter.swift in Sources */ = {isa = PBXBuildFile; fileRef = 7FD992082BC171F100AC62B9 /* DetailsPresenter.swift */; };
		7FD9920E2BC171F100AC62B9 /* DetailsRouter.swift in Sources */ = {isa = PBXBuildFile; fileRef = 7FD992092BC171F100AC62B9 /* DetailsRouter.swift */; };
		7FD9920F2BC171F100AC62B9 /* DetailsModels.swift in Sources */ = {isa = PBXBuildFile; fileRef = 7FD9920A2BC171F100AC62B9 /* DetailsModels.swift */; };
		7FD992102BC171F100AC62B9 /* DetailsViewController.swift in Sources */ = {isa = PBXBuildFile; fileRef = 7FD9920B2BC171F100AC62B9 /* DetailsViewController.swift */; };
		7FD992112BC171F100AC62B9 /* DetailsInteractor.swift in Sources */ = {isa = PBXBuildFile; fileRef = 7FD9920C2BC171F100AC62B9 /* DetailsInteractor.swift */; };
		7FD992132BC1A4E800AC62B9 /* CoverCollectionViewCell.swift in Sources */ = {isa = PBXBuildFile; fileRef = 7FD992122BC1A4E800AC62B9 /* CoverCollectionViewCell.swift */; };
		7FD992162BC1EC2700AC62B9 /* Comics.swift in Sources */ = {isa = PBXBuildFile; fileRef = 7FD992152BC1EC2700AC62B9 /* Comics.swift */; };
		7FD992182BC1ED3D00AC62B9 /* Events.swift in Sources */ = {isa = PBXBuildFile; fileRef = 7FD992172BC1ED3D00AC62B9 /* Events.swift */; };
		7FD9921A2BC1EEE700AC62B9 /* Series.swift in Sources */ = {isa = PBXBuildFile; fileRef = 7FD992192BC1EEE700AC62B9 /* Series.swift */; };
		7FD9921C2BC1EF7400AC62B9 /* Stories.swift in Sources */ = {isa = PBXBuildFile; fileRef = 7FD9921B2BC1EF7400AC62B9 /* Stories.swift */; };
		EF0A0CEF2BC1632A00348D8C /* SnackBar in Frameworks */ = {isa = PBXBuildFile; productRef = EF0A0CEE2BC1632A00348D8C /* SnackBar */; };
		EF0A0CF22BC1635300348D8C /* AppSnackBar.swift in Sources */ = {isa = PBXBuildFile; fileRef = EF0A0CF12BC1635300348D8C /* AppSnackBar.swift */; };
/* End PBXBuildFile section */

/* Begin PBXFileReference section */
		7F1AFB792BBF0782000DA23A /* Constants.swift */ = {isa = PBXFileReference; lastKnownFileType = sourcecode.swift; path = Constants.swift; sourceTree = "<group>"; };
		7F1AFB7F2BBF083E000DA23A /* HomePresenter.swift */ = {isa = PBXFileReference; lastKnownFileType = sourcecode.swift; path = HomePresenter.swift; sourceTree = "<group>"; };
		7F1AFB812BBF083E000DA23A /* HomeRouter.swift */ = {isa = PBXFileReference; lastKnownFileType = sourcecode.swift; path = HomeRouter.swift; sourceTree = "<group>"; };
		7F1AFB822BBF083E000DA23A /* HomeModels.swift */ = {isa = PBXFileReference; lastKnownFileType = sourcecode.swift; path = HomeModels.swift; sourceTree = "<group>"; };
		7F1AFB832BBF083E000DA23A /* HomeViewController.swift */ = {isa = PBXFileReference; lastKnownFileType = sourcecode.swift; path = HomeViewController.swift; sourceTree = "<group>"; };
		7F1AFB842BBF083E000DA23A /* HomeInteractor.swift */ = {isa = PBXFileReference; lastKnownFileType = sourcecode.swift; path = HomeInteractor.swift; sourceTree = "<group>"; };
		7F1AFB8D2BBF0AB7000DA23A /* Router.swift */ = {isa = PBXFileReference; lastKnownFileType = sourcecode.swift; path = Router.swift; sourceTree = "<group>"; };
		7F1AFB8F2BBF0AC0000DA23A /* APIClient.swift */ = {isa = PBXFileReference; lastKnownFileType = sourcecode.swift; path = APIClient.swift; sourceTree = "<group>"; };
		7F1AFB932BBF2D2B000DA23A /* Response.swift */ = {isa = PBXFileReference; lastKnownFileType = sourcecode.swift; path = Response.swift; sourceTree = "<group>"; };
		7F1AFB952BBF2F33000DA23A /* Pagination.swift */ = {isa = PBXFileReference; lastKnownFileType = sourcecode.swift; path = Pagination.swift; sourceTree = "<group>"; };
		7F1AFB982BBF3078000DA23A /* Character.swift */ = {isa = PBXFileReference; lastKnownFileType = sourcecode.swift; path = Character.swift; sourceTree = "<group>"; };
		7F1AFB9A2BBF3174000DA23A /* Thumbnail.swift */ = {isa = PBXFileReference; lastKnownFileType = sourcecode.swift; path = Thumbnail.swift; sourceTree = "<group>"; };
		7F1AFB9E2BBF324F000DA23A /* Items.swift */ = {isa = PBXFileReference; lastKnownFileType = sourcecode.swift; path = Items.swift; sourceTree = "<group>"; };
		7F1AFBA22BBF3398000DA23A /* Archive.swift */ = {isa = PBXFileReference; lastKnownFileType = sourcecode.swift; path = Archive.swift; sourceTree = "<group>"; };
		7F1AFBA42BBF3430000DA23A /* Urls.swift */ = {isa = PBXFileReference; lastKnownFileType = sourcecode.swift; path = Urls.swift; sourceTree = "<group>"; };
		7F1AFBA72BBF3617000DA23A /* String.swift */ = {isa = PBXFileReference; lastKnownFileType = sourcecode.swift; path = String.swift; sourceTree = "<group>"; };
		7F1AFBAB2BBF4216000DA23A /* Config.plist */ = {isa = PBXFileReference; lastKnownFileType = text.plist.xml; path = Config.plist; sourceTree = "<group>"; };
		7F1AFBAD2BBF433B000DA23A /* Bundle.swift */ = {isa = PBXFileReference; lastKnownFileType = sourcecode.swift; path = Bundle.swift; sourceTree = "<group>"; };
		7F1AFBB22BC007CF000DA23A /* CharacterCardCollectionViewCell.swift */ = {isa = PBXFileReference; lastKnownFileType = sourcecode.swift; path = CharacterCardCollectionViewCell.swift; sourceTree = "<group>"; };
		7F1AFBB42BC01734000DA23A /* UIView.swift */ = {isa = PBXFileReference; lastKnownFileType = sourcecode.swift; path = UIView.swift; sourceTree = "<group>"; };
		7F9C52BE2BBEFD55002EC53D /* iMarvel.app */ = {isa = PBXFileReference; explicitFileType = wrapper.application; includeInIndex = 0; path = iMarvel.app; sourceTree = BUILT_PRODUCTS_DIR; };
		7F9C52C12BBEFD55002EC53D /* AppDelegate.swift */ = {isa = PBXFileReference; lastKnownFileType = sourcecode.swift; path = AppDelegate.swift; sourceTree = "<group>"; };
		7F9C52C32BBEFD55002EC53D /* SceneDelegate.swift */ = {isa = PBXFileReference; lastKnownFileType = sourcecode.swift; path = SceneDelegate.swift; sourceTree = "<group>"; };
		7F9C52C82BBEFD55002EC53D /* Base */ = {isa = PBXFileReference; lastKnownFileType = file.storyboard; name = Base; path = Base.lproj/Main.storyboard; sourceTree = "<group>"; };
		7F9C52CB2BBEFD55002EC53D /* iMarvel.xcdatamodel */ = {isa = PBXFileReference; lastKnownFileType = wrapper.xcdatamodel; path = iMarvel.xcdatamodel; sourceTree = "<group>"; };
		7F9C52CD2BBEFD57002EC53D /* Assets.xcassets */ = {isa = PBXFileReference; lastKnownFileType = folder.assetcatalog; path = Assets.xcassets; sourceTree = "<group>"; };
		7F9C52D02BBEFD57002EC53D /* Base */ = {isa = PBXFileReference; lastKnownFileType = file.storyboard; name = Base; path = Base.lproj/LaunchScreen.storyboard; sourceTree = "<group>"; };
		7F9C52D22BBEFD57002EC53D /* Info.plist */ = {isa = PBXFileReference; lastKnownFileType = text.plist.xml; path = Info.plist; sourceTree = "<group>"; };
		7FD992082BC171F100AC62B9 /* DetailsPresenter.swift */ = {isa = PBXFileReference; lastKnownFileType = sourcecode.swift; path = DetailsPresenter.swift; sourceTree = "<group>"; };
		7FD992092BC171F100AC62B9 /* DetailsRouter.swift */ = {isa = PBXFileReference; lastKnownFileType = sourcecode.swift; path = DetailsRouter.swift; sourceTree = "<group>"; };
		7FD9920A2BC171F100AC62B9 /* DetailsModels.swift */ = {isa = PBXFileReference; lastKnownFileType = sourcecode.swift; path = DetailsModels.swift; sourceTree = "<group>"; };
		7FD9920B2BC171F100AC62B9 /* DetailsViewController.swift */ = {isa = PBXFileReference; lastKnownFileType = sourcecode.swift; path = DetailsViewController.swift; sourceTree = "<group>"; };
		7FD9920C2BC171F100AC62B9 /* DetailsInteractor.swift */ = {isa = PBXFileReference; lastKnownFileType = sourcecode.swift; path = DetailsInteractor.swift; sourceTree = "<group>"; };
		7FD992122BC1A4E800AC62B9 /* CoverCollectionViewCell.swift */ = {isa = PBXFileReference; lastKnownFileType = sourcecode.swift; path = CoverCollectionViewCell.swift; sourceTree = "<group>"; };
		7FD992152BC1EC2700AC62B9 /* Comics.swift */ = {isa = PBXFileReference; lastKnownFileType = sourcecode.swift; path = Comics.swift; sourceTree = "<group>"; };
		7FD992172BC1ED3D00AC62B9 /* Events.swift */ = {isa = PBXFileReference; lastKnownFileType = sourcecode.swift; path = Events.swift; sourceTree = "<group>"; };
		7FD992192BC1EEE700AC62B9 /* Series.swift */ = {isa = PBXFileReference; lastKnownFileType = sourcecode.swift; path = Series.swift; sourceTree = "<group>"; };
		7FD9921B2BC1EF7400AC62B9 /* Stories.swift */ = {isa = PBXFileReference; lastKnownFileType = sourcecode.swift; path = Stories.swift; sourceTree = "<group>"; };
		EF0A0CF12BC1635300348D8C /* AppSnackBar.swift */ = {isa = PBXFileReference; lastKnownFileType = sourcecode.swift; path = AppSnackBar.swift; sourceTree = "<group>"; };
/* End PBXFileReference section */

/* Begin PBXFrameworksBuildPhase section */
		7F9C52BB2BBEFD55002EC53D /* Frameworks */ = {
			isa = PBXFrameworksBuildPhase;
			buildActionMask = 2147483647;
			files = (
				7F1AFB6A2BBF00F1000DA23A /* Alamofire in Frameworks */,
				7F1AFBBC2BC027ED000DA23A /* SDWebImageMapKit in Frameworks */,
				7F1AFB6F2BBF015F000DA23A /* RxBlocking in Frameworks */,
				7F1AFBBA2BC027ED000DA23A /* SDWebImage in Frameworks */,
				7F1AFB772BBF015F000DA23A /* RxRelay in Frameworks */,
				EF0A0CEF2BC1632A00348D8C /* SnackBar in Frameworks */,
				7F1AFB732BBF015F000DA23A /* RxCocoa in Frameworks */,
				7F1AFB6C2BBF00F1000DA23A /* AlamofireDynamic in Frameworks */,
				7F1AFB752BBF015F000DA23A /* RxCocoa-Dynamic in Frameworks */,
				7F1AFB712BBF015F000DA23A /* RxBlocking-Dynamic in Frameworks */,
			);
			runOnlyForDeploymentPostprocessing = 0;
		};
/* End PBXFrameworksBuildPhase section */

/* Begin PBXGroup section */
		7F1AFB782BBF075D000DA23A /* Utils */ = {
			isa = PBXGroup;
			children = (
				7F1AFB792BBF0782000DA23A /* Constants.swift */,
				7F1AFB7B2BBF0787000DA23A /* Managers */,
				7F1AFBA62BBF35F6000DA23A /* Extensions */,
			);
			path = Utils;
			sourceTree = "<group>";
		};
		7F1AFB7B2BBF0787000DA23A /* Managers */ = {
			isa = PBXGroup;
			children = (
				7F1AFB8C2BBF0AAA000DA23A /* Network */,
			);
			path = Managers;
			sourceTree = "<group>";
		};
		7F1AFB7C2BBF07B5000DA23A /* Scenes */ = {
			isa = PBXGroup;
			children = (
				7F1AFB7E2BBF0814000DA23A /* Home */,
				7FD992072BC171B000AC62B9 /* Details */,
			);
			path = Scenes;
			sourceTree = "<group>";
		};
		7F1AFB7D2BBF07D5000DA23A /* Models */ = {
			isa = PBXGroup;
			children = (
				7F1AFB922BBF1401000DA23A /* Core Data Models */,
				7F1AFB912BBF13F3000DA23A /* API Models */,
			);
			path = Models;
			sourceTree = "<group>";
		};
		7F1AFB7E2BBF0814000DA23A /* Home */ = {
			isa = PBXGroup;
			children = (
				7F1AFB7F2BBF083E000DA23A /* HomePresenter.swift */,
				7F1AFB812BBF083E000DA23A /* HomeRouter.swift */,
				7F1AFB822BBF083E000DA23A /* HomeModels.swift */,
				7F1AFB832BBF083E000DA23A /* HomeViewController.swift */,
				7F1AFB842BBF083E000DA23A /* HomeInteractor.swift */,
			);
			path = Home;
			sourceTree = "<group>";
		};
		7F1AFB8B2BBF08C0000DA23A /* Storyboards */ = {
			isa = PBXGroup;
			children = (
				7F9C52C72BBEFD55002EC53D /* Main.storyboard */,
				7F9C52CF2BBEFD57002EC53D /* LaunchScreen.storyboard */,
			);
			path = Storyboards;
			sourceTree = "<group>";
		};
		7F1AFB8C2BBF0AAA000DA23A /* Network */ = {
			isa = PBXGroup;
			children = (
				7F1AFB8D2BBF0AB7000DA23A /* Router.swift */,
				7F1AFB8F2BBF0AC0000DA23A /* APIClient.swift */,
			);
			path = Network;
			sourceTree = "<group>";
		};
		7F1AFB912BBF13F3000DA23A /* API Models */ = {
			isa = PBXGroup;
			children = (
				7F1AFB932BBF2D2B000DA23A /* Response.swift */,
				7F1AFB952BBF2F33000DA23A /* Pagination.swift */,
				7F1AFB972BBF3063000DA23A /* Character */,
				7FD992142BC1EC0E00AC62B9 /* Archives */,
			);
			path = "API Models";
			sourceTree = "<group>";
		};
		7F1AFB922BBF1401000DA23A /* Core Data Models */ = {
			isa = PBXGroup;
			children = (
				7F9C52CA2BBEFD55002EC53D /* iMarvel.xcdatamodeld */,
			);
			path = "Core Data Models";
			sourceTree = "<group>";
		};
		7F1AFB972BBF3063000DA23A /* Character */ = {
			isa = PBXGroup;
			children = (
				7F1AFB982BBF3078000DA23A /* Character.swift */,
				7F1AFB9A2BBF3174000DA23A /* Thumbnail.swift */,
				7F1AFB9E2BBF324F000DA23A /* Items.swift */,
				7F1AFBA22BBF3398000DA23A /* Archive.swift */,
				7F1AFBA42BBF3430000DA23A /* Urls.swift */,
			);
			path = Character;
			sourceTree = "<group>";
		};
		7F1AFBA62BBF35F6000DA23A /* Extensions */ = {
			isa = PBXGroup;
			children = (
				7F1AFBA72BBF3617000DA23A /* String.swift */,
				7F1AFBAD2BBF433B000DA23A /* Bundle.swift */,
				7F1AFBB42BC01734000DA23A /* UIView.swift */,
			);
			path = Extensions;
			sourceTree = "<group>";
		};
		7F1AFBAF2BC00783000DA23A /* Views */ = {
			isa = PBXGroup;
			children = (
				EF0A0CF02BC1633300348D8C /* Snackbar */,
				7F1AFBB02BC00793000DA23A /* Cells */,
			);
			path = Views;
			sourceTree = "<group>";
		};
		7F1AFBB02BC00793000DA23A /* Cells */ = {
			isa = PBXGroup;
			children = (
				7F1AFBB12BC0079B000DA23A /* CollectionViewCells */,
			);
			path = Cells;
			sourceTree = "<group>";
		};
		7F1AFBB12BC0079B000DA23A /* CollectionViewCells */ = {
			isa = PBXGroup;
			children = (
				7F1AFBB22BC007CF000DA23A /* CharacterCardCollectionViewCell.swift */,
				7FD992122BC1A4E800AC62B9 /* CoverCollectionViewCell.swift */,
			);
			path = CollectionViewCells;
			sourceTree = "<group>";
		};
		7F9C52B52BBEFD55002EC53D = {
			isa = PBXGroup;
			children = (
				7F9C52C02BBEFD55002EC53D /* iMarvel */,
				7F9C52BF2BBEFD55002EC53D /* Products */,
			);
			sourceTree = "<group>";
		};
		7F9C52BF2BBEFD55002EC53D /* Products */ = {
			isa = PBXGroup;
			children = (
				7F9C52BE2BBEFD55002EC53D /* iMarvel.app */,
			);
			name = Products;
			sourceTree = "<group>";
		};
		7F9C52C02BBEFD55002EC53D /* iMarvel */ = {
			isa = PBXGroup;
			children = (
				7F9C52C12BBEFD55002EC53D /* AppDelegate.swift */,
				7F9C52C32BBEFD55002EC53D /* SceneDelegate.swift */,
				7F1AFB7D2BBF07D5000DA23A /* Models */,
				7F1AFB7C2BBF07B5000DA23A /* Scenes */,
				7F1AFBAF2BC00783000DA23A /* Views */,
				7F1AFB8B2BBF08C0000DA23A /* Storyboards */,
				7F1AFB782BBF075D000DA23A /* Utils */,
				7F9C52CD2BBEFD57002EC53D /* Assets.xcassets */,
				7F9C52D22BBEFD57002EC53D /* Info.plist */,
				7F1AFBAB2BBF4216000DA23A /* Config.plist */,
			);
			path = iMarvel;
			sourceTree = "<group>";
		};
		7FD992072BC171B000AC62B9 /* Details */ = {
			isa = PBXGroup;
			children = (
				7FD992082BC171F100AC62B9 /* DetailsPresenter.swift */,
				7FD992092BC171F100AC62B9 /* DetailsRouter.swift */,
				7FD9920A2BC171F100AC62B9 /* DetailsModels.swift */,
				7FD9920B2BC171F100AC62B9 /* DetailsViewController.swift */,
				7FD9920C2BC171F100AC62B9 /* DetailsInteractor.swift */,
			);
			path = Details;
			sourceTree = "<group>";
		};
		7FD992142BC1EC0E00AC62B9 /* Archives */ = {
			isa = PBXGroup;
			children = (
				7FD992152BC1EC2700AC62B9 /* Comics.swift */,
				7FD992172BC1ED3D00AC62B9 /* Events.swift */,
				7FD992192BC1EEE700AC62B9 /* Series.swift */,
				7FD9921B2BC1EF7400AC62B9 /* Stories.swift */,
			);
			path = Archives;
			sourceTree = "<group>";
		};
		EF0A0CF02BC1633300348D8C /* Snackbar */ = {
			isa = PBXGroup;
			children = (
				EF0A0CF12BC1635300348D8C /* AppSnackBar.swift */,
			);
			path = Snackbar;
			sourceTree = "<group>";
		};
/* End PBXGroup section */

/* Begin PBXNativeTarget section */
		7F9C52BD2BBEFD55002EC53D /* iMarvel */ = {
			isa = PBXNativeTarget;
			buildConfigurationList = 7F9C52D52BBEFD57002EC53D /* Build configuration list for PBXNativeTarget "iMarvel" */;
			buildPhases = (
				7F9C52BA2BBEFD55002EC53D /* Sources */,
				7F9C52BB2BBEFD55002EC53D /* Frameworks */,
				7F9C52BC2BBEFD55002EC53D /* Resources */,
			);
			buildRules = (
			);
			dependencies = (
			);
			name = iMarvel;
			packageProductDependencies = (
				7F1AFB692BBF00F1000DA23A /* Alamofire */,
				7F1AFB6B2BBF00F1000DA23A /* AlamofireDynamic */,
				7F1AFB6E2BBF015F000DA23A /* RxBlocking */,
				7F1AFB702BBF015F000DA23A /* RxBlocking-Dynamic */,
				7F1AFB722BBF015F000DA23A /* RxCocoa */,
				7F1AFB742BBF015F000DA23A /* RxCocoa-Dynamic */,
				7F1AFB762BBF015F000DA23A /* RxRelay */,
				7F1AFBB92BC027ED000DA23A /* SDWebImage */,
				7F1AFBBB2BC027ED000DA23A /* SDWebImageMapKit */,
				EF0A0CEE2BC1632A00348D8C /* SnackBar */,
			);
			productName = iMarvel;
			productReference = 7F9C52BE2BBEFD55002EC53D /* iMarvel.app */;
			productType = "com.apple.product-type.application";
		};
/* End PBXNativeTarget section */

/* Begin PBXProject section */
		7F9C52B62BBEFD55002EC53D /* Project object */ = {
			isa = PBXProject;
			attributes = {
				BuildIndependentTargetsInParallel = 1;
				LastSwiftUpdateCheck = 1520;
				LastUpgradeCheck = 1520;
				TargetAttributes = {
					7F9C52BD2BBEFD55002EC53D = {
						CreatedOnToolsVersion = 15.2;
					};
				};
			};
			buildConfigurationList = 7F9C52B92BBEFD55002EC53D /* Build configuration list for PBXProject "iMarvel" */;
			compatibilityVersion = "Xcode 14.0";
			developmentRegion = en;
			hasScannedForEncodings = 0;
			knownRegions = (
				en,
				Base,
			);
			mainGroup = 7F9C52B52BBEFD55002EC53D;
			packageReferences = (
				7F1AFB682BBF00F1000DA23A /* XCRemoteSwiftPackageReference "Alamofire" */,
				7F1AFB6D2BBF015F000DA23A /* XCRemoteSwiftPackageReference "RxSwift" */,
				7F1AFBB82BC027EC000DA23A /* XCRemoteSwiftPackageReference "SDWebImage" */,
				EF0A0CED2BC1632A00348D8C /* XCRemoteSwiftPackageReference "SnackBar" */,
			);
			productRefGroup = 7F9C52BF2BBEFD55002EC53D /* Products */;
			projectDirPath = "";
			projectRoot = "";
			targets = (
				7F9C52BD2BBEFD55002EC53D /* iMarvel */,
			);
		};
/* End PBXProject section */

/* Begin PBXResourcesBuildPhase section */
		7F9C52BC2BBEFD55002EC53D /* Resources */ = {
			isa = PBXResourcesBuildPhase;
			buildActionMask = 2147483647;
			files = (
				7F1AFBAC2BBF4216000DA23A /* Config.plist in Resources */,
				7F9C52D12BBEFD57002EC53D /* LaunchScreen.storyboard in Resources */,
				7F9C52CE2BBEFD57002EC53D /* Assets.xcassets in Resources */,
				7F9C52C92BBEFD55002EC53D /* Main.storyboard in Resources */,
			);
			runOnlyForDeploymentPostprocessing = 0;
		};
/* End PBXResourcesBuildPhase section */

/* Begin PBXSourcesBuildPhase section */
		7F9C52BA2BBEFD55002EC53D /* Sources */ = {
			isa = PBXSourcesBuildPhase;
			buildActionMask = 2147483647;
			files = (
				EF0A0CF22BC1635300348D8C /* AppSnackBar.swift in Sources */,
				7F1AFBA82BBF3617000DA23A /* String.swift in Sources */,
				7FD992102BC171F100AC62B9 /* DetailsViewController.swift in Sources */,
				7F1AFB9F2BBF324F000DA23A /* Items.swift in Sources */,
				7F1AFBB52BC01734000DA23A /* UIView.swift in Sources */,
				7FD992162BC1EC2700AC62B9 /* Comics.swift in Sources */,
				7F1AFB882BBF083E000DA23A /* HomeModels.swift in Sources */,
				7F9C52CC2BBEFD55002EC53D /* iMarvel.xcdatamodeld in Sources */,
				7F1AFB8E2BBF0AB7000DA23A /* Router.swift in Sources */,
				7F1AFB7A2BBF0782000DA23A /* Constants.swift in Sources */,
				7F1AFB942BBF2D2C000DA23A /* Response.swift in Sources */,
				7F1AFBA32BBF3398000DA23A /* Archive.swift in Sources */,
				7F1AFB8A2BBF083E000DA23A /* HomeInteractor.swift in Sources */,
				7F1AFB902BBF0AC0000DA23A /* APIClient.swift in Sources */,
				7F1AFBA52BBF3430000DA23A /* Urls.swift in Sources */,
				7F1AFB872BBF083E000DA23A /* HomeRouter.swift in Sources */,
				7FD992112BC171F100AC62B9 /* DetailsInteractor.swift in Sources */,
				7F1AFB9B2BBF3174000DA23A /* Thumbnail.swift in Sources */,
				7FD9921A2BC1EEE700AC62B9 /* Series.swift in Sources */,
				7F1AFBAE2BBF433B000DA23A /* Bundle.swift in Sources */,
				7F9C52C22BBEFD55002EC53D /* AppDelegate.swift in Sources */,
				7F1AFBB32BC007CF000DA23A /* CharacterCardCollectionViewCell.swift in Sources */,
				7F1AFB992BBF3078000DA23A /* Character.swift in Sources */,
				7F1AFB892BBF083E000DA23A /* HomeViewController.swift in Sources */,
				7F1AFB852BBF083E000DA23A /* HomePresenter.swift in Sources */,
				7FD992132BC1A4E800AC62B9 /* CoverCollectionViewCell.swift in Sources */,
				7F9C52C42BBEFD55002EC53D /* SceneDelegate.swift in Sources */,
				7FD9921C2BC1EF7400AC62B9 /* Stories.swift in Sources */,
				7F1AFB962BBF2F33000DA23A /* Pagination.swift in Sources */,
				7FD992182BC1ED3D00AC62B9 /* Events.swift in Sources */,
				7FD9920E2BC171F100AC62B9 /* DetailsRouter.swift in Sources */,
				7FD9920F2BC171F100AC62B9 /* DetailsModels.swift in Sources */,
				7FD9920D2BC171F100AC62B9 /* DetailsPresenter.swift in Sources */,
			);
			runOnlyForDeploymentPostprocessing = 0;
		};
/* End PBXSourcesBuildPhase section */

/* Begin PBXVariantGroup section */
		7F9C52C72BBEFD55002EC53D /* Main.storyboard */ = {
			isa = PBXVariantGroup;
			children = (
				7F9C52C82BBEFD55002EC53D /* Base */,
			);
			name = Main.storyboard;
			sourceTree = "<group>";
		};
		7F9C52CF2BBEFD57002EC53D /* LaunchScreen.storyboard */ = {
			isa = PBXVariantGroup;
			children = (
				7F9C52D02BBEFD57002EC53D /* Base */,
			);
			name = LaunchScreen.storyboard;
			sourceTree = "<group>";
		};
/* End PBXVariantGroup section */

/* Begin XCBuildConfiguration section */
		7F9C52D32BBEFD57002EC53D /* Debug */ = {
			isa = XCBuildConfiguration;
			buildSettings = {
				ALWAYS_SEARCH_USER_PATHS = NO;
				ASSETCATALOG_COMPILER_GENERATE_SWIFT_ASSET_SYMBOL_EXTENSIONS = YES;
				CLANG_ANALYZER_NONNULL = YES;
				CLANG_ANALYZER_NUMBER_OBJECT_CONVERSION = YES_AGGRESSIVE;
				CLANG_CXX_LANGUAGE_STANDARD = "gnu++20";
				CLANG_ENABLE_MODULES = YES;
				CLANG_ENABLE_OBJC_ARC = YES;
				CLANG_ENABLE_OBJC_WEAK = YES;
				CLANG_WARN_BLOCK_CAPTURE_AUTORELEASING = YES;
				CLANG_WARN_BOOL_CONVERSION = YES;
				CLANG_WARN_COMMA = YES;
				CLANG_WARN_CONSTANT_CONVERSION = YES;
				CLANG_WARN_DEPRECATED_OBJC_IMPLEMENTATIONS = YES;
				CLANG_WARN_DIRECT_OBJC_ISA_USAGE = YES_ERROR;
				CLANG_WARN_DOCUMENTATION_COMMENTS = YES;
				CLANG_WARN_EMPTY_BODY = YES;
				CLANG_WARN_ENUM_CONVERSION = YES;
				CLANG_WARN_INFINITE_RECURSION = YES;
				CLANG_WARN_INT_CONVERSION = YES;
				CLANG_WARN_NON_LITERAL_NULL_CONVERSION = YES;
				CLANG_WARN_OBJC_IMPLICIT_RETAIN_SELF = YES;
				CLANG_WARN_OBJC_LITERAL_CONVERSION = YES;
				CLANG_WARN_OBJC_ROOT_CLASS = YES_ERROR;
				CLANG_WARN_QUOTED_INCLUDE_IN_FRAMEWORK_HEADER = YES;
				CLANG_WARN_RANGE_LOOP_ANALYSIS = YES;
				CLANG_WARN_STRICT_PROTOTYPES = YES;
				CLANG_WARN_SUSPICIOUS_MOVE = YES;
				CLANG_WARN_UNGUARDED_AVAILABILITY = YES_AGGRESSIVE;
				CLANG_WARN_UNREACHABLE_CODE = YES;
				CLANG_WARN__DUPLICATE_METHOD_MATCH = YES;
				COPY_PHASE_STRIP = NO;
				DEBUG_INFORMATION_FORMAT = dwarf;
				ENABLE_STRICT_OBJC_MSGSEND = YES;
				ENABLE_TESTABILITY = YES;
				ENABLE_USER_SCRIPT_SANDBOXING = YES;
				GCC_C_LANGUAGE_STANDARD = gnu17;
				GCC_DYNAMIC_NO_PIC = NO;
				GCC_NO_COMMON_BLOCKS = YES;
				GCC_OPTIMIZATION_LEVEL = 0;
				GCC_PREPROCESSOR_DEFINITIONS = (
					"DEBUG=1",
					"$(inherited)",
				);
				GCC_WARN_64_TO_32_BIT_CONVERSION = YES;
				GCC_WARN_ABOUT_RETURN_TYPE = YES_ERROR;
				GCC_WARN_UNDECLARED_SELECTOR = YES;
				GCC_WARN_UNINITIALIZED_AUTOS = YES_AGGRESSIVE;
				GCC_WARN_UNUSED_FUNCTION = YES;
				GCC_WARN_UNUSED_VARIABLE = YES;
				IPHONEOS_DEPLOYMENT_TARGET = 17.2;
				LOCALIZATION_PREFERS_STRING_CATALOGS = YES;
				MTL_ENABLE_DEBUG_INFO = INCLUDE_SOURCE;
				MTL_FAST_MATH = YES;
				ONLY_ACTIVE_ARCH = YES;
				SDKROOT = iphoneos;
				SWIFT_ACTIVE_COMPILATION_CONDITIONS = "DEBUG $(inherited)";
				SWIFT_OPTIMIZATION_LEVEL = "-Onone";
			};
			name = Debug;
		};
		7F9C52D42BBEFD57002EC53D /* Release */ = {
			isa = XCBuildConfiguration;
			buildSettings = {
				ALWAYS_SEARCH_USER_PATHS = NO;
				ASSETCATALOG_COMPILER_GENERATE_SWIFT_ASSET_SYMBOL_EXTENSIONS = YES;
				CLANG_ANALYZER_NONNULL = YES;
				CLANG_ANALYZER_NUMBER_OBJECT_CONVERSION = YES_AGGRESSIVE;
				CLANG_CXX_LANGUAGE_STANDARD = "gnu++20";
				CLANG_ENABLE_MODULES = YES;
				CLANG_ENABLE_OBJC_ARC = YES;
				CLANG_ENABLE_OBJC_WEAK = YES;
				CLANG_WARN_BLOCK_CAPTURE_AUTORELEASING = YES;
				CLANG_WARN_BOOL_CONVERSION = YES;
				CLANG_WARN_COMMA = YES;
				CLANG_WARN_CONSTANT_CONVERSION = YES;
				CLANG_WARN_DEPRECATED_OBJC_IMPLEMENTATIONS = YES;
				CLANG_WARN_DIRECT_OBJC_ISA_USAGE = YES_ERROR;
				CLANG_WARN_DOCUMENTATION_COMMENTS = YES;
				CLANG_WARN_EMPTY_BODY = YES;
				CLANG_WARN_ENUM_CONVERSION = YES;
				CLANG_WARN_INFINITE_RECURSION = YES;
				CLANG_WARN_INT_CONVERSION = YES;
				CLANG_WARN_NON_LITERAL_NULL_CONVERSION = YES;
				CLANG_WARN_OBJC_IMPLICIT_RETAIN_SELF = YES;
				CLANG_WARN_OBJC_LITERAL_CONVERSION = YES;
				CLANG_WARN_OBJC_ROOT_CLASS = YES_ERROR;
				CLANG_WARN_QUOTED_INCLUDE_IN_FRAMEWORK_HEADER = YES;
				CLANG_WARN_RANGE_LOOP_ANALYSIS = YES;
				CLANG_WARN_STRICT_PROTOTYPES = YES;
				CLANG_WARN_SUSPICIOUS_MOVE = YES;
				CLANG_WARN_UNGUARDED_AVAILABILITY = YES_AGGRESSIVE;
				CLANG_WARN_UNREACHABLE_CODE = YES;
				CLANG_WARN__DUPLICATE_METHOD_MATCH = YES;
				COPY_PHASE_STRIP = NO;
				DEBUG_INFORMATION_FORMAT = "dwarf-with-dsym";
				ENABLE_NS_ASSERTIONS = NO;
				ENABLE_STRICT_OBJC_MSGSEND = YES;
				ENABLE_USER_SCRIPT_SANDBOXING = YES;
				GCC_C_LANGUAGE_STANDARD = gnu17;
				GCC_NO_COMMON_BLOCKS = YES;
				GCC_WARN_64_TO_32_BIT_CONVERSION = YES;
				GCC_WARN_ABOUT_RETURN_TYPE = YES_ERROR;
				GCC_WARN_UNDECLARED_SELECTOR = YES;
				GCC_WARN_UNINITIALIZED_AUTOS = YES_AGGRESSIVE;
				GCC_WARN_UNUSED_FUNCTION = YES;
				GCC_WARN_UNUSED_VARIABLE = YES;
				IPHONEOS_DEPLOYMENT_TARGET = 17.2;
				LOCALIZATION_PREFERS_STRING_CATALOGS = YES;
				MTL_ENABLE_DEBUG_INFO = NO;
				MTL_FAST_MATH = YES;
				SDKROOT = iphoneos;
				SWIFT_COMPILATION_MODE = wholemodule;
				VALIDATE_PRODUCT = YES;
			};
			name = Release;
		};
		7F9C52D62BBEFD57002EC53D /* Debug */ = {
			isa = XCBuildConfiguration;
			buildSettings = {
				ASSETCATALOG_COMPILER_APPICON_NAME = AppIcon;
				ASSETCATALOG_COMPILER_GLOBAL_ACCENT_COLOR_NAME = AccentColor;
				CODE_SIGN_STYLE = Automatic;
				CURRENT_PROJECT_VERSION = 1;
				DEVELOPMENT_TEAM = P63VAPNRN9;
				GENERATE_INFOPLIST_FILE = YES;
				INFOPLIST_FILE = iMarvel/Info.plist;
				INFOPLIST_KEY_CFBundleDisplayName = iMarvel;
				INFOPLIST_KEY_UIApplicationSupportsIndirectInputEvents = YES;
				INFOPLIST_KEY_UILaunchStoryboardName = LaunchScreen;
				INFOPLIST_KEY_UIMainStoryboardFile = Main;
				INFOPLIST_KEY_UISupportedInterfaceOrientations = UIInterfaceOrientationPortrait;
				INFOPLIST_KEY_UISupportedInterfaceOrientations_iPad = "UIInterfaceOrientationLandscapeLeft UIInterfaceOrientationLandscapeRight UIInterfaceOrientationPortrait UIInterfaceOrientationPortraitUpsideDown";
				IPHONEOS_DEPLOYMENT_TARGET = 16.0;
				LD_RUNPATH_SEARCH_PATHS = (
					"$(inherited)",
					"@executable_path/Frameworks",
				);
				MARKETING_VERSION = 1.0;
				PRODUCT_BUNDLE_IDENTIFIER = com.KarimSakr.iMarvel;
				PRODUCT_NAME = "$(TARGET_NAME)";
				SUPPORTED_PLATFORMS = "iphoneos iphonesimulator";
				SUPPORTS_MACCATALYST = NO;
				SUPPORTS_MAC_DESIGNED_FOR_IPHONE_IPAD = NO;
				SUPPORTS_XR_DESIGNED_FOR_IPHONE_IPAD = NO;
				SWIFT_EMIT_LOC_STRINGS = YES;
				SWIFT_VERSION = 5.0;
				TARGETED_DEVICE_FAMILY = 1;
			};
			name = Debug;
		};
		7F9C52D72BBEFD57002EC53D /* Release */ = {
			isa = XCBuildConfiguration;
			buildSettings = {
				ASSETCATALOG_COMPILER_APPICON_NAME = AppIcon;
				ASSETCATALOG_COMPILER_GLOBAL_ACCENT_COLOR_NAME = AccentColor;
				CODE_SIGN_STYLE = Automatic;
				CURRENT_PROJECT_VERSION = 1;
				DEVELOPMENT_TEAM = P63VAPNRN9;
				GENERATE_INFOPLIST_FILE = YES;
				INFOPLIST_FILE = iMarvel/Info.plist;
				INFOPLIST_KEY_CFBundleDisplayName = iMarvel;
				INFOPLIST_KEY_UIApplicationSupportsIndirectInputEvents = YES;
				INFOPLIST_KEY_UILaunchStoryboardName = LaunchScreen;
				INFOPLIST_KEY_UIMainStoryboardFile = Main;
				INFOPLIST_KEY_UISupportedInterfaceOrientations = UIInterfaceOrientationPortrait;
				INFOPLIST_KEY_UISupportedInterfaceOrientations_iPad = "UIInterfaceOrientationLandscapeLeft UIInterfaceOrientationLandscapeRight UIInterfaceOrientationPortrait UIInterfaceOrientationPortraitUpsideDown";
				IPHONEOS_DEPLOYMENT_TARGET = 16.0;
				LD_RUNPATH_SEARCH_PATHS = (
					"$(inherited)",
					"@executable_path/Frameworks",
				);
				MARKETING_VERSION = 1.0;
				PRODUCT_BUNDLE_IDENTIFIER = com.KarimSakr.iMarvel;
				PRODUCT_NAME = "$(TARGET_NAME)";
				SUPPORTED_PLATFORMS = "iphoneos iphonesimulator";
				SUPPORTS_MACCATALYST = NO;
				SUPPORTS_MAC_DESIGNED_FOR_IPHONE_IPAD = NO;
				SUPPORTS_XR_DESIGNED_FOR_IPHONE_IPAD = NO;
				SWIFT_EMIT_LOC_STRINGS = YES;
				SWIFT_VERSION = 5.0;
				TARGETED_DEVICE_FAMILY = 1;
			};
			name = Release;
		};
/* End XCBuildConfiguration section */

/* Begin XCConfigurationList section */
		7F9C52B92BBEFD55002EC53D /* Build configuration list for PBXProject "iMarvel" */ = {
			isa = XCConfigurationList;
			buildConfigurations = (
				7F9C52D32BBEFD57002EC53D /* Debug */,
				7F9C52D42BBEFD57002EC53D /* Release */,
			);
			defaultConfigurationIsVisible = 0;
			defaultConfigurationName = Release;
		};
		7F9C52D52BBEFD57002EC53D /* Build configuration list for PBXNativeTarget "iMarvel" */ = {
			isa = XCConfigurationList;
			buildConfigurations = (
				7F9C52D62BBEFD57002EC53D /* Debug */,
				7F9C52D72BBEFD57002EC53D /* Release */,
			);
			defaultConfigurationIsVisible = 0;
			defaultConfigurationName = Release;
		};
/* End XCConfigurationList section */

/* Begin XCRemoteSwiftPackageReference section */
		7F1AFB682BBF00F1000DA23A /* XCRemoteSwiftPackageReference "Alamofire" */ = {
			isa = XCRemoteSwiftPackageReference;
			repositoryURL = "https://github.com/Alamofire/Alamofire.git";
			requirement = {
				kind = upToNextMajorVersion;
				minimumVersion = 5.9.1;
			};
		};
		7F1AFB6D2BBF015F000DA23A /* XCRemoteSwiftPackageReference "RxSwift" */ = {
			isa = XCRemoteSwiftPackageReference;
			repositoryURL = "https://github.com/ReactiveX/RxSwift.git";
			requirement = {
				kind = upToNextMajorVersion;
				minimumVersion = 6.6.0;
			};
		};
		7F1AFBB82BC027EC000DA23A /* XCRemoteSwiftPackageReference "SDWebImage" */ = {
			isa = XCRemoteSwiftPackageReference;
			repositoryURL = "https://github.com/SDWebImage/SDWebImage.git";
			requirement = {
				kind = upToNextMajorVersion;
				minimumVersion = 5.19.1;
			};
		};
		EF0A0CED2BC1632A00348D8C /* XCRemoteSwiftPackageReference "SnackBar" */ = {
			isa = XCRemoteSwiftPackageReference;
			repositoryURL = "https://github.com/ahmedAlmasri/SnackBar.swift";
			requirement = {
				kind = upToNextMajorVersion;
				minimumVersion = 0.1.2;
			};
		};
/* End XCRemoteSwiftPackageReference section */

/* Begin XCSwiftPackageProductDependency section */
		7F1AFB692BBF00F1000DA23A /* Alamofire */ = {
			isa = XCSwiftPackageProductDependency;
			package = 7F1AFB682BBF00F1000DA23A /* XCRemoteSwiftPackageReference "Alamofire" */;
			productName = Alamofire;
		};
		7F1AFB6B2BBF00F1000DA23A /* AlamofireDynamic */ = {
			isa = XCSwiftPackageProductDependency;
			package = 7F1AFB682BBF00F1000DA23A /* XCRemoteSwiftPackageReference "Alamofire" */;
			productName = AlamofireDynamic;
		};
		7F1AFB6E2BBF015F000DA23A /* RxBlocking */ = {
			isa = XCSwiftPackageProductDependency;
			package = 7F1AFB6D2BBF015F000DA23A /* XCRemoteSwiftPackageReference "RxSwift" */;
			productName = RxBlocking;
		};
		7F1AFB702BBF015F000DA23A /* RxBlocking-Dynamic */ = {
			isa = XCSwiftPackageProductDependency;
			package = 7F1AFB6D2BBF015F000DA23A /* XCRemoteSwiftPackageReference "RxSwift" */;
			productName = "RxBlocking-Dynamic";
		};
		7F1AFB722BBF015F000DA23A /* RxCocoa */ = {
			isa = XCSwiftPackageProductDependency;
			package = 7F1AFB6D2BBF015F000DA23A /* XCRemoteSwiftPackageReference "RxSwift" */;
			productName = RxCocoa;
		};
		7F1AFB742BBF015F000DA23A /* RxCocoa-Dynamic */ = {
			isa = XCSwiftPackageProductDependency;
			package = 7F1AFB6D2BBF015F000DA23A /* XCRemoteSwiftPackageReference "RxSwift" */;
			productName = "RxCocoa-Dynamic";
		};
		7F1AFB762BBF015F000DA23A /* RxRelay */ = {
			isa = XCSwiftPackageProductDependency;
			package = 7F1AFB6D2BBF015F000DA23A /* XCRemoteSwiftPackageReference "RxSwift" */;
			productName = RxRelay;
		};
		7F1AFBB92BC027ED000DA23A /* SDWebImage */ = {
			isa = XCSwiftPackageProductDependency;
			package = 7F1AFBB82BC027EC000DA23A /* XCRemoteSwiftPackageReference "SDWebImage" */;
			productName = SDWebImage;
		};
		7F1AFBBB2BC027ED000DA23A /* SDWebImageMapKit */ = {
			isa = XCSwiftPackageProductDependency;
			package = 7F1AFBB82BC027EC000DA23A /* XCRemoteSwiftPackageReference "SDWebImage" */;
			productName = SDWebImageMapKit;
		};
		EF0A0CEE2BC1632A00348D8C /* SnackBar */ = {
			isa = XCSwiftPackageProductDependency;
			package = EF0A0CED2BC1632A00348D8C /* XCRemoteSwiftPackageReference "SnackBar" */;
			productName = SnackBar;
		};
/* End XCSwiftPackageProductDependency section */

/* Begin XCVersionGroup section */
		7F9C52CA2BBEFD55002EC53D /* iMarvel.xcdatamodeld */ = {
			isa = XCVersionGroup;
			children = (
				7F9C52CB2BBEFD55002EC53D /* iMarvel.xcdatamodel */,
			);
			currentVersion = 7F9C52CB2BBEFD55002EC53D /* iMarvel.xcdatamodel */;
			path = iMarvel.xcdatamodeld;
			sourceTree = "<group>";
			versionGroupType = wrapper.xcdatamodel;
		};
/* End XCVersionGroup section */
	};
	rootObject = 7F9C52B62BBEFD55002EC53D /* Project object */;
}
